<?xml version="1.0" encoding="UTF-8"?>
<!DOCTYPE plist PUBLIC "-//Apple//DTD PLIST 1.0//EN" "http://www.apple.com/DTDs/PropertyList-1.0.dtd">
<plist version="1.0">
<dict>
	<key>archiveVersion</key>
	<string>1</string>
	<key>classes</key>
	<dict/>
	<key>objectVersion</key>
	<string>46</string>
	<key>objects</key>
	<dict>
		<key>063ABB38E5380AB853314417</key>
		<dict>
			<key>buildActionMask</key>
			<string>2147483647</string>
			<key>files</key>
			<array/>
			<key>inputPaths</key>
			<array/>
			<key>isa</key>
			<string>PBXShellScriptBuildPhase</string>
			<key>name</key>
			<string>Embed Pods Frameworks</string>
			<key>outputPaths</key>
			<array/>
			<key>runOnlyForDeploymentPostprocessing</key>
			<string>0</string>
			<key>shellPath</key>
			<string>/bin/sh</string>
			<key>shellScript</key>
			<string>"${SRCROOT}/Pods/Target Support Files/Pods/Pods-frameworks.sh"
</string>
			<key>showEnvVarsInLog</key>
			<string>0</string>
		</dict>
		<key>508888CAD5194CB9530AB247</key>
		<dict>
			<key>buildActionMask</key>
			<string>2147483647</string>
			<key>files</key>
			<array/>
			<key>inputPaths</key>
			<array/>
			<key>isa</key>
			<string>PBXShellScriptBuildPhase</string>
			<key>name</key>
			<string>Copy Pods Resources</string>
			<key>outputPaths</key>
			<array/>
			<key>runOnlyForDeploymentPostprocessing</key>
			<string>0</string>
			<key>shellPath</key>
			<string>/bin/sh</string>
			<key>shellScript</key>
			<string>"${SRCROOT}/Pods/Target Support Files/Pods/Pods-resources.sh"
</string>
			<key>showEnvVarsInLog</key>
			<string>0</string>
		</dict>
		<key>5F21E2176D13483A7589C16B</key>
		<dict>
			<key>includeInIndex</key>
			<string>1</string>
			<key>isa</key>
			<string>PBXFileReference</string>
			<key>lastKnownFileType</key>
			<string>text.xcconfig</string>
			<key>name</key>
			<string>Pods.release.xcconfig</string>
			<key>path</key>
			<string>Pods/Target Support Files/Pods/Pods.release.xcconfig</string>
			<key>sourceTree</key>
			<string>&lt;group&gt;</string>
		</dict>
		<key>6A2A8E10D577605183A9B357</key>
		<dict>
			<key>children</key>
			<array>
				<string>FCBF2A42BA8DC98BE96EFC34</string>
			</array>
			<key>isa</key>
			<string>PBXGroup</string>
			<key>name</key>
			<string>Frameworks</string>
			<key>sourceTree</key>
			<string>&lt;group&gt;</string>
		</dict>
		<key>7A2CDEDB1D59041A001399DA</key>
		<dict>
			<key>fileEncoding</key>
			<string>4</string>
			<key>isa</key>
			<string>PBXFileReference</string>
			<key>lastKnownFileType</key>
			<string>file.storyboard</string>
			<key>name</key>
			<string>Birds.storyboard</string>
			<key>path</key>
			<string>Storyboards/Birds.storyboard</string>
			<key>sourceTree</key>
			<string>&lt;group&gt;</string>
		</dict>
		<key>7A2CDEDC1D59041A001399DA</key>
		<dict>
			<key>fileEncoding</key>
			<string>4</string>
			<key>isa</key>
			<string>PBXFileReference</string>
			<key>lastKnownFileType</key>
			<string>file.storyboard</string>
			<key>name</key>
			<string>Settings.storyboard</string>
			<key>path</key>
			<string>Storyboards/Settings.storyboard</string>
			<key>sourceTree</key>
			<string>&lt;group&gt;</string>
		</dict>
		<key>7A2CDEDD1D59041A001399DA</key>
		<dict>
			<key>fileRef</key>
			<string>7A2CDEDB1D59041A001399DA</string>
			<key>isa</key>
			<string>PBXBuildFile</string>
		</dict>
		<key>7A2CDEDE1D59041A001399DA</key>
		<dict>
			<key>fileRef</key>
			<string>7A2CDEDC1D59041A001399DA</string>
			<key>isa</key>
			<string>PBXBuildFile</string>
		</dict>
		<key>7A2CDEDF1D590436001399DA</key>
		<dict>
			<key>fileEncoding</key>
			<string>4</string>
			<key>isa</key>
			<string>PBXFileReference</string>
			<key>lastKnownFileType</key>
			<string>sourcecode.swift</string>
			<key>name</key>
			<string>AppUtils.swift</string>
			<key>path</key>
			<string>Core/AppUtils.swift</string>
			<key>sourceTree</key>
			<string>&lt;group&gt;</string>
		</dict>
		<key>7A2CDEE01D590436001399DA</key>
		<dict>
			<key>fileRef</key>
			<string>7A2CDEDF1D590436001399DA</string>
			<key>isa</key>
			<string>PBXBuildFile</string>
		</dict>
		<key>7A813F831D56708C0008F6CE</key>
		<dict>
			<key>children</key>
			<array>
				<string>7A813F8E1D56708C0008F6CE</string>
				<string>7A813F8D1D56708C0008F6CE</string>
				<string>A40BBE4A0435FBF1972399DA</string>
				<string>6A2A8E10D577605183A9B357</string>
			</array>
			<key>isa</key>
			<string>PBXGroup</string>
			<key>sourceTree</key>
			<string>&lt;group&gt;</string>
		</dict>
		<key>7A813F841D56708C0008F6CE</key>
		<dict>
			<key>attributes</key>
			<dict>
				<key>LastSwiftUpdateCheck</key>
				<string>0730</string>
				<key>LastUpgradeCheck</key>
				<string>0730</string>
				<key>ORGANIZATIONNAME</key>
				<string>Magnet Inc.</string>
				<key>TargetAttributes</key>
				<dict>
					<key>7A813F8B1D56708C0008F6CE</key>
					<dict>
						<key>CreatedOnToolsVersion</key>
						<string>7.3</string>
					</dict>
				</dict>
			</dict>
			<key>buildConfigurationList</key>
			<string>7A813F871D56708C0008F6CE</string>
			<key>compatibilityVersion</key>
			<string>Xcode 3.2</string>
			<key>developmentRegion</key>
			<string>English</string>
			<key>hasScannedForEncodings</key>
			<string>0</string>
			<key>isa</key>
			<string>PBXProject</string>
			<key>knownRegions</key>
			<array>
				<string>en</string>
				<string>Base</string>
			</array>
			<key>mainGroup</key>
			<string>7A813F831D56708C0008F6CE</string>
			<key>productRefGroup</key>
			<string>7A813F8D1D56708C0008F6CE</string>
			<key>projectDirPath</key>
			<string></string>
			<key>projectReferences</key>
			<array/>
			<key>projectRoot</key>
			<string></string>
			<key>targets</key>
			<array>
				<string>7A813F8B1D56708C0008F6CE</string>
			</array>
		</dict>
		<key>7A813F871D56708C0008F6CE</key>
		<dict>
			<key>buildConfigurations</key>
			<array>
				<string>7A813F9C1D56708C0008F6CE</string>
				<string>7A813F9D1D56708C0008F6CE</string>
			</array>
			<key>defaultConfigurationIsVisible</key>
			<string>0</string>
			<key>defaultConfigurationName</key>
			<string>Release</string>
			<key>isa</key>
			<string>XCConfigurationList</string>
		</dict>
		<key>7A813F881D56708C0008F6CE</key>
		<dict>
			<key>buildActionMask</key>
			<string>2147483647</string>
			<key>files</key>
			<array>
				<string>7A991FBA1D5B2DC0001F85D5</string>
				<string>7AC2D4931D5D205500BC2E19</string>
				<string>7AC2D48B1D5D0CA200BC2E19</string>
				<string>7AC2D4851D5D077B00BC2E19</string>
				<string>7AC2D4841D5D077B00BC2E19</string>
				<string>7A813FC21D567C870008F6CE</string>
				<string>7A813FBD1D5678190008F6CE</string>
				<string>7AC2D48D1D5D0D0000BC2E19</string>
				<string>7A813FC51D567F600008F6CE</string>
				<string>7A991FBC1D5B2DD2001F85D5</string>
				<string>7AC2D4911D5D106D00BC2E19</string>
				<string>7A2CDEE01D590436001399DA</string>
				<string>7A813FB91D56737C0008F6CE</string>
				<string>7A813FCD1D568C9B0008F6CE</string>
				<string>7A813FBF1D5678EC0008F6CE</string>
				<string>7A813FBA1D56737C0008F6CE</string>
				<string>7A813FC71D5681970008F6CE</string>
				<string>7AC2D4811D5D074B00BC2E19</string>
				<string>7A813FB71D56737C0008F6CE</string>
				<string>7AC2D4891D5D085500BC2E19</string>
				<string>7A813FB81D56737C0008F6CE</string>
				<string>7A813F901D56708C0008F6CE</string>
				<string>7A991FBE1D5CD000001F85D5</string>
				<string>7A813FCA1D5683DF0008F6CE</string>
			</array>
			<key>isa</key>
			<string>PBXSourcesBuildPhase</string>
			<key>runOnlyForDeploymentPostprocessing</key>
			<string>0</string>
		</dict>
		<key>7A813F891D56708C0008F6CE</key>
		<dict>
			<key>buildActionMask</key>
			<string>2147483647</string>
			<key>files</key>
			<array>
				<string>E657E4EA94219105488137C8</string>
			</array>
			<key>isa</key>
			<string>PBXFrameworksBuildPhase</string>
			<key>runOnlyForDeploymentPostprocessing</key>
			<string>0</string>
		</dict>
		<key>7A813F8A1D56708C0008F6CE</key>
		<dict>
			<key>buildActionMask</key>
			<string>2147483647</string>
			<key>files</key>
			<array>
				<string>7A813FAA1D5672D10008F6CE</string>
				<string>7A813FA61D5672610008F6CE</string>
				<string>7A2CDEDD1D59041A001399DA</string>
				<string>7A813FA81D56727A0008F6CE</string>
				<string>7AC2D48F1D5D0D0C00BC2E19</string>
				<string>7AC2D4871D5D079500BC2E19</string>
				<string>7A813F9A1D56708C0008F6CE</string>
				<string>7A813FAD1D5672E70008F6CE</string>
				<string>7ACB374E1D56958100D1A45E</string>
				<string>7A2CDEDE1D59041A001399DA</string>
			</array>
			<key>isa</key>
			<string>PBXResourcesBuildPhase</string>
			<key>runOnlyForDeploymentPostprocessing</key>
			<string>0</string>
		</dict>
		<key>7A813F8B1D56708C0008F6CE</key>
		<dict>
			<key>buildConfigurationList</key>
			<string>7A813F9E1D56708C0008F6CE</string>
			<key>buildPhases</key>
			<array>
				<string>D6837B07066CA0577F764382</string>
				<string>7A813F881D56708C0008F6CE</string>
				<string>7A813F891D56708C0008F6CE</string>
				<string>7A813F8A1D56708C0008F6CE</string>
				<string>063ABB38E5380AB853314417</string>
				<string>508888CAD5194CB9530AB247</string>
			</array>
			<key>buildRules</key>
			<array/>
			<key>dependencies</key>
			<array/>
			<key>isa</key>
			<string>PBXNativeTarget</string>
			<key>name</key>
			<string>Birdy</string>
			<key>productName</key>
			<string>Birdy</string>
			<key>productReference</key>
			<string>7A813F8C1D56708C0008F6CE</string>
			<key>productType</key>
			<string>com.apple.product-type.application</string>
		</dict>
		<key>7A813F8C1D56708C0008F6CE</key>
		<dict>
			<key>explicitFileType</key>
			<string>wrapper.application</string>
			<key>includeInIndex</key>
			<string>0</string>
			<key>isa</key>
			<string>PBXFileReference</string>
			<key>path</key>
			<string>Birdy.app</string>
			<key>sourceTree</key>
			<string>BUILT_PRODUCTS_DIR</string>
		</dict>
		<key>7A813F8D1D56708C0008F6CE</key>
		<dict>
			<key>children</key>
			<array>
				<string>7A813F8C1D56708C0008F6CE</string>
			</array>
			<key>isa</key>
			<string>PBXGroup</string>
			<key>name</key>
			<string>Products</string>
			<key>sourceTree</key>
			<string>&lt;group&gt;</string>
		</dict>
		<key>7A813F8E1D56708C0008F6CE</key>
		<dict>
			<key>children</key>
			<array>
				<string>7A813FA11D5670990008F6CE</string>
				<string>7A813F8F1D56708C0008F6CE</string>
				<string>7ACB374D1D56958100D1A45E</string>
				<string>7A813F981D56708C0008F6CE</string>
				<string>7A813F9B1D56708C0008F6CE</string>
			</array>
			<key>isa</key>
			<string>PBXGroup</string>
			<key>path</key>
			<string>Birdy</string>
			<key>sourceTree</key>
			<string>&lt;group&gt;</string>
		</dict>
		<key>7A813F8F1D56708C0008F6CE</key>
		<dict>
			<key>isa</key>
			<string>PBXFileReference</string>
			<key>lastKnownFileType</key>
			<string>sourcecode.swift</string>
			<key>path</key>
			<string>AppDelegate.swift</string>
			<key>sourceTree</key>
			<string>&lt;group&gt;</string>
		</dict>
		<key>7A813F901D56708C0008F6CE</key>
		<dict>
			<key>fileRef</key>
			<string>7A813F8F1D56708C0008F6CE</string>
			<key>isa</key>
			<string>PBXBuildFile</string>
		</dict>
		<key>7A813F981D56708C0008F6CE</key>
		<dict>
			<key>children</key>
			<array>
				<string>7A813F991D56708C0008F6CE</string>
			</array>
			<key>isa</key>
			<string>PBXVariantGroup</string>
			<key>name</key>
			<string>LaunchScreen.storyboard</string>
			<key>sourceTree</key>
			<string>&lt;group&gt;</string>
		</dict>
		<key>7A813F991D56708C0008F6CE</key>
		<dict>
			<key>isa</key>
			<string>PBXFileReference</string>
			<key>lastKnownFileType</key>
			<string>file.storyboard</string>
			<key>name</key>
			<string>Base</string>
			<key>path</key>
			<string>Base.lproj/LaunchScreen.storyboard</string>
			<key>sourceTree</key>
			<string>&lt;group&gt;</string>
		</dict>
		<key>7A813F9A1D56708C0008F6CE</key>
		<dict>
			<key>fileRef</key>
			<string>7A813F981D56708C0008F6CE</string>
			<key>isa</key>
			<string>PBXBuildFile</string>
		</dict>
		<key>7A813F9B1D56708C0008F6CE</key>
		<dict>
			<key>isa</key>
			<string>PBXFileReference</string>
			<key>lastKnownFileType</key>
			<string>text.plist.xml</string>
			<key>path</key>
			<string>Info.plist</string>
			<key>sourceTree</key>
			<string>&lt;group&gt;</string>
		</dict>
		<key>7A813F9C1D56708C0008F6CE</key>
		<dict>
			<key>buildSettings</key>
			<dict>
				<key>ALWAYS_SEARCH_USER_PATHS</key>
				<string>NO</string>
				<key>CLANG_ANALYZER_NONNULL</key>
				<string>YES</string>
				<key>CLANG_CXX_LANGUAGE_STANDARD</key>
				<string>gnu++0x</string>
				<key>CLANG_CXX_LIBRARY</key>
				<string>libc++</string>
				<key>CLANG_ENABLE_MODULES</key>
				<string>YES</string>
				<key>CLANG_ENABLE_OBJC_ARC</key>
				<string>YES</string>
				<key>CLANG_WARN_BOOL_CONVERSION</key>
				<string>YES</string>
				<key>CLANG_WARN_CONSTANT_CONVERSION</key>
				<string>YES</string>
				<key>CLANG_WARN_DIRECT_OBJC_ISA_USAGE</key>
				<string>YES_ERROR</string>
				<key>CLANG_WARN_EMPTY_BODY</key>
				<string>YES</string>
				<key>CLANG_WARN_ENUM_CONVERSION</key>
				<string>YES</string>
				<key>CLANG_WARN_INT_CONVERSION</key>
				<string>YES</string>
				<key>CLANG_WARN_OBJC_ROOT_CLASS</key>
				<string>YES_ERROR</string>
				<key>CLANG_WARN_UNREACHABLE_CODE</key>
				<string>YES</string>
				<key>CLANG_WARN__DUPLICATE_METHOD_MATCH</key>
				<string>YES</string>
				<key>CODE_SIGN_IDENTITY[sdk=iphoneos*]</key>
				<string>iPhone Developer</string>
				<key>COPY_PHASE_STRIP</key>
				<string>NO</string>
				<key>DEBUG_INFORMATION_FORMAT</key>
				<string>dwarf</string>
				<key>ENABLE_STRICT_OBJC_MSGSEND</key>
				<string>YES</string>
				<key>ENABLE_TESTABILITY</key>
				<string>YES</string>
				<key>GCC_C_LANGUAGE_STANDARD</key>
				<string>gnu99</string>
				<key>GCC_DYNAMIC_NO_PIC</key>
				<string>NO</string>
				<key>GCC_NO_COMMON_BLOCKS</key>
				<string>YES</string>
				<key>GCC_OPTIMIZATION_LEVEL</key>
				<string>0</string>
				<key>GCC_PREPROCESSOR_DEFINITIONS</key>
				<array>
					<string>DEBUG=1</string>
					<string>$(inherited)</string>
				</array>
				<key>GCC_WARN_64_TO_32_BIT_CONVERSION</key>
				<string>YES</string>
				<key>GCC_WARN_ABOUT_RETURN_TYPE</key>
				<string>YES_ERROR</string>
				<key>GCC_WARN_UNDECLARED_SELECTOR</key>
				<string>YES</string>
				<key>GCC_WARN_UNINITIALIZED_AUTOS</key>
				<string>YES_AGGRESSIVE</string>
				<key>GCC_WARN_UNUSED_FUNCTION</key>
				<string>YES</string>
				<key>GCC_WARN_UNUSED_VARIABLE</key>
				<string>YES</string>
				<key>IPHONEOS_DEPLOYMENT_TARGET</key>
				<string>9.3</string>
				<key>MTL_ENABLE_DEBUG_INFO</key>
				<string>YES</string>
				<key>ONLY_ACTIVE_ARCH</key>
				<string>YES</string>
				<key>SDKROOT</key>
				<string>iphoneos</string>
				<key>SWIFT_OPTIMIZATION_LEVEL</key>
				<string>-Onone</string>
			</dict>
			<key>isa</key>
			<string>XCBuildConfiguration</string>
			<key>name</key>
			<string>Debug</string>
		</dict>
		<key>7A813F9D1D56708C0008F6CE</key>
		<dict>
			<key>buildSettings</key>
			<dict>
				<key>ALWAYS_SEARCH_USER_PATHS</key>
				<string>NO</string>
				<key>CLANG_ANALYZER_NONNULL</key>
				<string>YES</string>
				<key>CLANG_CXX_LANGUAGE_STANDARD</key>
				<string>gnu++0x</string>
				<key>CLANG_CXX_LIBRARY</key>
				<string>libc++</string>
				<key>CLANG_ENABLE_MODULES</key>
				<string>YES</string>
				<key>CLANG_ENABLE_OBJC_ARC</key>
				<string>YES</string>
				<key>CLANG_WARN_BOOL_CONVERSION</key>
				<string>YES</string>
				<key>CLANG_WARN_CONSTANT_CONVERSION</key>
				<string>YES</string>
				<key>CLANG_WARN_DIRECT_OBJC_ISA_USAGE</key>
				<string>YES_ERROR</string>
				<key>CLANG_WARN_EMPTY_BODY</key>
				<string>YES</string>
				<key>CLANG_WARN_ENUM_CONVERSION</key>
				<string>YES</string>
				<key>CLANG_WARN_INT_CONVERSION</key>
				<string>YES</string>
				<key>CLANG_WARN_OBJC_ROOT_CLASS</key>
				<string>YES_ERROR</string>
				<key>CLANG_WARN_UNREACHABLE_CODE</key>
				<string>YES</string>
				<key>CLANG_WARN__DUPLICATE_METHOD_MATCH</key>
				<string>YES</string>
				<key>CODE_SIGN_IDENTITY[sdk=iphoneos*]</key>
				<string>iPhone Developer</string>
				<key>COPY_PHASE_STRIP</key>
				<string>NO</string>
				<key>DEBUG_INFORMATION_FORMAT</key>
				<string>dwarf-with-dsym</string>
				<key>ENABLE_NS_ASSERTIONS</key>
				<string>NO</string>
				<key>ENABLE_STRICT_OBJC_MSGSEND</key>
				<string>YES</string>
				<key>GCC_C_LANGUAGE_STANDARD</key>
				<string>gnu99</string>
				<key>GCC_NO_COMMON_BLOCKS</key>
				<string>YES</string>
				<key>GCC_WARN_64_TO_32_BIT_CONVERSION</key>
				<string>YES</string>
				<key>GCC_WARN_ABOUT_RETURN_TYPE</key>
				<string>YES_ERROR</string>
				<key>GCC_WARN_UNDECLARED_SELECTOR</key>
				<string>YES</string>
				<key>GCC_WARN_UNINITIALIZED_AUTOS</key>
				<string>YES_AGGRESSIVE</string>
				<key>GCC_WARN_UNUSED_FUNCTION</key>
				<string>YES</string>
				<key>GCC_WARN_UNUSED_VARIABLE</key>
				<string>YES</string>
				<key>IPHONEOS_DEPLOYMENT_TARGET</key>
				<string>9.3</string>
				<key>MTL_ENABLE_DEBUG_INFO</key>
				<string>NO</string>
				<key>SDKROOT</key>
				<string>iphoneos</string>
				<key>VALIDATE_PRODUCT</key>
				<string>YES</string>
			</dict>
			<key>isa</key>
			<string>XCBuildConfiguration</string>
			<key>name</key>
			<string>Release</string>
		</dict>
		<key>7A813F9E1D56708C0008F6CE</key>
		<dict>
			<key>buildConfigurations</key>
			<array>
				<string>7A813F9F1D56708C0008F6CE</string>
				<string>7A813FA01D56708C0008F6CE</string>
			</array>
			<key>defaultConfigurationIsVisible</key>
			<string>0</string>
			<key>defaultConfigurationName</key>
			<string>Release</string>
			<key>isa</key>
			<string>XCConfigurationList</string>
		</dict>
		<key>7A813F9F1D56708C0008F6CE</key>
		<dict>
			<key>baseConfigurationReference</key>
			<string>FB055660E71562573F5987A2</string>
			<key>buildSettings</key>
			<dict>
				<key>ASSETCATALOG_COMPILER_APPICON_NAME</key>
				<string>AppIcon</string>
				<key>INFOPLIST_FILE</key>
				<string>Birdy/Info.plist</string>
				<key>LD_RUNPATH_SEARCH_PATHS</key>
				<string>$(inherited) @executable_path/Frameworks</string>
				<key>PRODUCT_BUNDLE_IDENTIFIER</key>
				<string>magnet.Birdy</string>
				<key>PRODUCT_NAME</key>
				<string>$(TARGET_NAME)</string>
			</dict>
			<key>isa</key>
			<string>XCBuildConfiguration</string>
			<key>name</key>
			<string>Debug</string>
		</dict>
		<key>7A813FA01D56708C0008F6CE</key>
		<dict>
			<key>baseConfigurationReference</key>
			<string>5F21E2176D13483A7589C16B</string>
			<key>buildSettings</key>
			<dict>
				<key>ASSETCATALOG_COMPILER_APPICON_NAME</key>
				<string>AppIcon</string>
				<key>INFOPLIST_FILE</key>
				<string>Birdy/Info.plist</string>
				<key>LD_RUNPATH_SEARCH_PATHS</key>
				<string>$(inherited) @executable_path/Frameworks</string>
				<key>PRODUCT_BUNDLE_IDENTIFIER</key>
				<string>magnet.Birdy</string>
				<key>PRODUCT_NAME</key>
				<string>$(TARGET_NAME)</string>
			</dict>
			<key>isa</key>
			<string>XCBuildConfiguration</string>
			<key>name</key>
			<string>Release</string>
		</dict>
		<key>7A813FA11D5670990008F6CE</key>
		<dict>
			<key>children</key>
			<array>
				<string>7A813FB21D56730C0008F6CE</string>
				<string>7A813FCB1D568C6E0008F6CE</string>
				<string>7A813FA21D5672170008F6CE</string>
				<string>7A813FA31D5672250008F6CE</string>
				<string>7A813FA41D56722F0008F6CE</string>
			</array>
			<key>isa</key>
			<string>PBXGroup</string>
			<key>name</key>
			<string>Classes</string>
			<key>sourceTree</key>
			<string>&lt;group&gt;</string>
		</dict>
		<key>7A813FA21D5672170008F6CE</key>
		<dict>
			<key>children</key>
			<array>
				<string>7A813FA51D5672610008F6CE</string>
				<string>7A813FA71D56727A0008F6CE</string>
				<string>7A813FA91D5672D10008F6CE</string>
				<string>7A2CDEDB1D59041A001399DA</string>
				<string>7A813FAC1D5672E70008F6CE</string>
				<string>7A2CDEDC1D59041A001399DA</string>
			</array>
			<key>isa</key>
			<string>PBXGroup</string>
			<key>name</key>
			<string>Storyboards</string>
			<key>sourceTree</key>
			<string>&lt;group&gt;</string>
		</dict>
		<key>7A813FA31D5672250008F6CE</key>
		<dict>
			<key>children</key>
			<array>
				<string>7A991FBD1D5CD000001F85D5</string>
				<string>7A813FBB1D5677F40008F6CE</string>
				<string>7A813FC01D567C6E0008F6CE</string>
				<string>7A813FC31D567F1E0008F6CE</string>
				<string>7A813FC81D5683800008F6CE</string>
			</array>
			<key>isa</key>
			<string>PBXGroup</string>
			<key>name</key>
			<string>ViewControllers</string>
			<key>sourceTree</key>
			<string>&lt;group&gt;</string>
		</dict>
		<key>7A813FA41D56722F0008F6CE</key>
		<dict>
			<key>children</key>
			<array>
				<string>7AC2D4821D5D077B00BC2E19</string>
				<string>7AC2D4831D5D077B00BC2E19</string>
				<string>7A991FBF1D5CE5F6001F85D5</string>
				<string>7A813FC61D5681970008F6CE</string>
			</array>
			<key>isa</key>
			<string>PBXGroup</string>
			<key>name</key>
			<string>Views</string>
			<key>sourceTree</key>
			<string>&lt;group&gt;</string>
		</dict>
		<key>7A813FA51D5672610008F6CE</key>
		<dict>
			<key>fileEncoding</key>
			<string>4</string>
			<key>isa</key>
			<string>PBXFileReference</string>
			<key>lastKnownFileType</key>
			<string>file.storyboard</string>
			<key>name</key>
			<string>Auth.storyboard</string>
			<key>path</key>
			<string>Storyboards/Auth.storyboard</string>
			<key>sourceTree</key>
			<string>&lt;group&gt;</string>
		</dict>
		<key>7A813FA61D5672610008F6CE</key>
		<dict>
			<key>fileRef</key>
			<string>7A813FA51D5672610008F6CE</string>
			<key>isa</key>
			<string>PBXBuildFile</string>
		</dict>
		<key>7A813FA71D56727A0008F6CE</key>
		<dict>
			<key>fileEncoding</key>
			<string>4</string>
			<key>isa</key>
			<string>PBXFileReference</string>
			<key>lastKnownFileType</key>
			<string>file.storyboard</string>
			<key>name</key>
			<string>Main.storyboard</string>
			<key>path</key>
			<string>Storyboards/Main.storyboard</string>
			<key>sourceTree</key>
			<string>&lt;group&gt;</string>
		</dict>
		<key>7A813FA81D56727A0008F6CE</key>
		<dict>
			<key>fileRef</key>
			<string>7A813FA71D56727A0008F6CE</string>
			<key>isa</key>
			<string>PBXBuildFile</string>
		</dict>
		<key>7A813FA91D5672D10008F6CE</key>
		<dict>
			<key>fileEncoding</key>
			<string>4</string>
			<key>isa</key>
			<string>PBXFileReference</string>
			<key>lastKnownFileType</key>
			<string>file.storyboard</string>
			<key>name</key>
			<string>Sights.storyboard</string>
			<key>path</key>
			<string>Storyboards/Sights.storyboard</string>
			<key>sourceTree</key>
			<string>&lt;group&gt;</string>
		</dict>
		<key>7A813FAA1D5672D10008F6CE</key>
		<dict>
			<key>fileRef</key>
			<string>7A813FA91D5672D10008F6CE</string>
			<key>isa</key>
			<string>PBXBuildFile</string>
		</dict>
		<key>7A813FAC1D5672E70008F6CE</key>
		<dict>
			<key>fileEncoding</key>
			<string>4</string>
			<key>isa</key>
			<string>PBXFileReference</string>
			<key>lastKnownFileType</key>
			<string>file.storyboard</string>
			<key>name</key>
			<string>Search.storyboard</string>
			<key>path</key>
			<string>Storyboards/Search.storyboard</string>
			<key>sourceTree</key>
			<string>&lt;group&gt;</string>
		</dict>
		<key>7A813FAD1D5672E70008F6CE</key>
		<dict>
			<key>fileRef</key>
			<string>7A813FAC1D5672E70008F6CE</string>
			<key>isa</key>
			<string>PBXBuildFile</string>
		</dict>
		<key>7A813FB21D56730C0008F6CE</key>
		<dict>
			<key>children</key>
			<array>
				<string>7A2CDEDF1D590436001399DA</string>
				<string>7AC2D4881D5D085500BC2E19</string>
				<string>7A813FB41D56737C0008F6CE</string>
				<string>7A813FCC1D568C9B0008F6CE</string>
			</array>
			<key>isa</key>
			<string>PBXGroup</string>
			<key>name</key>
			<string>Core</string>
			<key>sourceTree</key>
			<string>&lt;group&gt;</string>
		</dict>
		<key>7A813FB31D56737C0008F6CE</key>
		<dict>
			<key>fileEncoding</key>
			<string>4</string>
			<key>isa</key>
			<string>PBXFileReference</string>
			<key>lastKnownFileType</key>
			<string>sourcecode.swift</string>
			<key>name</key>
			<string>NSDate+format.swift</string>
			<key>path</key>
			<string>Core/NSDate+format.swift</string>
			<key>sourceTree</key>
			<string>&lt;group&gt;</string>
		</dict>
		<key>7A813FB41D56737C0008F6CE</key>
		<dict>
			<key>fileEncoding</key>
			<string>4</string>
			<key>isa</key>
			<string>PBXFileReference</string>
			<key>lastKnownFileType</key>
			<string>sourcecode.swift</string>
			<key>name</key>
			<string>StoryboardManager.swift</string>
			<key>path</key>
			<string>Core/StoryboardManager.swift</string>
			<key>sourceTree</key>
			<string>&lt;group&gt;</string>
		</dict>
		<key>7A813FB51D56737C0008F6CE</key>
		<dict>
			<key>fileEncoding</key>
			<string>4</string>
			<key>isa</key>
			<string>PBXFileReference</string>
			<key>lastKnownFileType</key>
			<string>sourcecode.swift</string>
			<key>name</key>
			<string>UIViewController+keyboard.swift</string>
			<key>path</key>
			<string>Core/UIViewController+keyboard.swift</string>
			<key>sourceTree</key>
			<string>&lt;group&gt;</string>
		</dict>
		<key>7A813FB61D56737C0008F6CE</key>
		<dict>
			<key>fileEncoding</key>
			<string>4</string>
			<key>isa</key>
			<string>PBXFileReference</string>
			<key>lastKnownFileType</key>
			<string>sourcecode.swift</string>
			<key>name</key>
			<string>UIViewController+systemSpinner.swift</string>
			<key>path</key>
			<string>Core/UIViewController+systemSpinner.swift</string>
			<key>sourceTree</key>
			<string>&lt;group&gt;</string>
		</dict>
		<key>7A813FB71D56737C0008F6CE</key>
		<dict>
			<key>fileRef</key>
			<string>7A813FB31D56737C0008F6CE</string>
			<key>isa</key>
			<string>PBXBuildFile</string>
		</dict>
		<key>7A813FB81D56737C0008F6CE</key>
		<dict>
			<key>fileRef</key>
			<string>7A813FB41D56737C0008F6CE</string>
			<key>isa</key>
			<string>PBXBuildFile</string>
		</dict>
		<key>7A813FB91D56737C0008F6CE</key>
		<dict>
			<key>fileRef</key>
			<string>7A813FB51D56737C0008F6CE</string>
			<key>isa</key>
			<string>PBXBuildFile</string>
		</dict>
		<key>7A813FBA1D56737C0008F6CE</key>
		<dict>
			<key>fileRef</key>
			<string>7A813FB61D56737C0008F6CE</string>
			<key>isa</key>
			<string>PBXBuildFile</string>
		</dict>
		<key>7A813FBB1D5677F40008F6CE</key>
		<dict>
			<key>children</key>
			<array>
				<string>7A813FBC1D5678190008F6CE</string>
				<string>7A813FBE1D5678EC0008F6CE</string>
			</array>
			<key>isa</key>
			<string>PBXGroup</string>
			<key>name</key>
			<string>Auth</string>
			<key>sourceTree</key>
			<string>&lt;group&gt;</string>
		</dict>
		<key>7A813FBC1D5678190008F6CE</key>
		<dict>
			<key>fileEncoding</key>
			<string>4</string>
			<key>isa</key>
			<string>PBXFileReference</string>
			<key>lastKnownFileType</key>
			<string>sourcecode.swift</string>
			<key>name</key>
			<string>SignInViewController.swift</string>
			<key>path</key>
			<string>ViewControllers/Auth/SignInViewController.swift</string>
			<key>sourceTree</key>
			<string>&lt;group&gt;</string>
		</dict>
		<key>7A813FBD1D5678190008F6CE</key>
		<dict>
			<key>fileRef</key>
			<string>7A813FBC1D5678190008F6CE</string>
			<key>isa</key>
			<string>PBXBuildFile</string>
		</dict>
		<key>7A813FBE1D5678EC0008F6CE</key>
		<dict>
			<key>fileEncoding</key>
			<string>4</string>
			<key>isa</key>
			<string>PBXFileReference</string>
			<key>lastKnownFileType</key>
			<string>sourcecode.swift</string>
			<key>name</key>
			<string>SignUpViewController.swift</string>
			<key>path</key>
			<string>ViewControllers/Auth/SignUpViewController.swift</string>
			<key>sourceTree</key>
			<string>&lt;group&gt;</string>
		</dict>
		<key>7A813FBF1D5678EC0008F6CE</key>
		<dict>
			<key>fileRef</key>
			<string>7A813FBE1D5678EC0008F6CE</string>
			<key>isa</key>
			<string>PBXBuildFile</string>
		</dict>
		<key>7A813FC01D567C6E0008F6CE</key>
		<dict>
			<key>children</key>
			<array>
				<string>7A813FC11D567C870008F6CE</string>
				<string>7A991FB91D5B2DC0001F85D5</string>
				<string>7A991FBB1D5B2DD2001F85D5</string>
				<string>7AC2D48A1D5D0CA200BC2E19</string>
			</array>
			<key>isa</key>
			<string>PBXGroup</string>
			<key>name</key>
			<string>Sights</string>
			<key>sourceTree</key>
			<string>&lt;group&gt;</string>
		</dict>
		<key>7A813FC11D567C870008F6CE</key>
		<dict>
			<key>fileEncoding</key>
			<string>4</string>
			<key>isa</key>
			<string>PBXFileReference</string>
			<key>lastKnownFileType</key>
			<string>sourcecode.swift</string>
			<key>name</key>
			<string>SightsListViewController.swift</string>
			<key>path</key>
			<string>ViewControllers/Sights/SightsListViewController.swift</string>
			<key>sourceTree</key>
			<string>&lt;group&gt;</string>
		</dict>
		<key>7A813FC21D567C870008F6CE</key>
		<dict>
			<key>fileRef</key>
			<string>7A813FC11D567C870008F6CE</string>
			<key>isa</key>
			<string>PBXBuildFile</string>
		</dict>
		<key>7A813FC31D567F1E0008F6CE</key>
		<dict>
			<key>children</key>
			<array>
				<string>7A813FC41D567F600008F6CE</string>
			</array>
			<key>isa</key>
			<string>PBXGroup</string>
			<key>name</key>
			<string>Birds</string>
			<key>sourceTree</key>
			<string>&lt;group&gt;</string>
		</dict>
		<key>7A813FC41D567F600008F6CE</key>
		<dict>
			<key>fileEncoding</key>
			<string>4</string>
			<key>isa</key>
			<string>PBXFileReference</string>
			<key>lastKnownFileType</key>
			<string>sourcecode.swift</string>
			<key>name</key>
			<string>BirdQuizViewController.swift</string>
			<key>path</key>
			<string>ViewControllers/Birds/BirdQuizViewController.swift</string>
			<key>sourceTree</key>
			<string>&lt;group&gt;</string>
		</dict>
		<key>7A813FC51D567F600008F6CE</key>
		<dict>
			<key>fileRef</key>
			<string>7A813FC41D567F600008F6CE</string>
			<key>isa</key>
			<string>PBXBuildFile</string>
		</dict>
		<key>7A813FC61D5681970008F6CE</key>
		<dict>
			<key>fileEncoding</key>
			<string>4</string>
			<key>isa</key>
			<string>PBXFileReference</string>
			<key>lastKnownFileType</key>
			<string>sourcecode.swift</string>
			<key>name</key>
			<string>CustomView.swift</string>
			<key>path</key>
			<string>Views/CustomView.swift</string>
			<key>sourceTree</key>
			<string>&lt;group&gt;</string>
		</dict>
		<key>7A813FC71D5681970008F6CE</key>
		<dict>
			<key>fileRef</key>
			<string>7A813FC61D5681970008F6CE</string>
			<key>isa</key>
			<string>PBXBuildFile</string>
		</dict>
		<key>7A813FC81D5683800008F6CE</key>
		<dict>
			<key>children</key>
			<array>
				<string>7A813FC91D5683DF0008F6CE</string>
			</array>
			<key>isa</key>
			<string>PBXGroup</string>
			<key>name</key>
			<string>Settings</string>
			<key>sourceTree</key>
			<string>&lt;group&gt;</string>
		</dict>
		<key>7A813FC91D5683DF0008F6CE</key>
		<dict>
			<key>fileEncoding</key>
			<string>4</string>
			<key>isa</key>
			<string>PBXFileReference</string>
			<key>lastKnownFileType</key>
			<string>sourcecode.swift</string>
			<key>name</key>
			<string>SettingsViewController.swift</string>
			<key>path</key>
			<string>ViewControllers/Settings/SettingsViewController.swift</string>
			<key>sourceTree</key>
			<string>&lt;group&gt;</string>
		</dict>
		<key>7A813FCA1D5683DF0008F6CE</key>
		<dict>
			<key>fileRef</key>
			<string>7A813FC91D5683DF0008F6CE</string>
			<key>isa</key>
			<string>PBXBuildFile</string>
		</dict>
		<key>7A813FCB1D568C6E0008F6CE</key>
		<dict>
			<key>children</key>
			<array>
				<string>7AC2D4921D5D205500BC2E19</string>
				<string>7AC2D4901D5D106D00BC2E19</string>
				<string>7A813FB31D56737C0008F6CE</string>
				<string>7A813FB51D56737C0008F6CE</string>
				<string>7A813FB61D56737C0008F6CE</string>
			</array>
			<key>isa</key>
			<string>PBXGroup</string>
			<key>name</key>
			<string>Extensions</string>
			<key>sourceTree</key>
			<string>&lt;group&gt;</string>
		</dict>
		<key>7A813FCC1D568C9B0008F6CE</key>
		<dict>
			<key>fileEncoding</key>
			<string>4</string>
			<key>isa</key>
			<string>PBXFileReference</string>
			<key>lastKnownFileType</key>
			<string>sourcecode.swift</string>
			<key>name</key>
			<string>ServiceManager.swift</string>
			<key>path</key>
			<string>Core/ServiceManager.swift</string>
			<key>sourceTree</key>
			<string>&lt;group&gt;</string>
		</dict>
		<key>7A813FCD1D568C9B0008F6CE</key>
		<dict>
			<key>fileRef</key>
			<string>7A813FCC1D568C9B0008F6CE</string>
			<key>isa</key>
			<string>PBXBuildFile</string>
		</dict>
		<key>7A991FB91D5B2DC0001F85D5</key>
		<dict>
			<key>fileEncoding</key>
			<string>4</string>
			<key>isa</key>
			<string>PBXFileReference</string>
			<key>lastKnownFileType</key>
			<string>sourcecode.swift</string>
			<key>name</key>
			<string>AddSightViewController.swift</string>
			<key>path</key>
			<string>ViewControllers/Sights/AddSightViewController.swift</string>
			<key>sourceTree</key>
			<string>&lt;group&gt;</string>
		</dict>
		<key>7A991FBA1D5B2DC0001F85D5</key>
		<dict>
			<key>fileRef</key>
			<string>7A991FB91D5B2DC0001F85D5</string>
			<key>isa</key>
			<string>PBXBuildFile</string>
		</dict>
		<key>7A991FBB1D5B2DD2001F85D5</key>
		<dict>
			<key>fileEncoding</key>
			<string>4</string>
			<key>isa</key>
			<string>PBXFileReference</string>
			<key>lastKnownFileType</key>
			<string>sourcecode.swift</string>
			<key>name</key>
			<string>AddBirdViewController.swift</string>
			<key>path</key>
			<string>ViewControllers/Sights/AddBirdViewController.swift</string>
			<key>sourceTree</key>
			<string>&lt;group&gt;</string>
		</dict>
		<key>7A991FBC1D5B2DD2001F85D5</key>
		<dict>
			<key>fileRef</key>
			<string>7A991FBB1D5B2DD2001F85D5</string>
			<key>isa</key>
			<string>PBXBuildFile</string>
		</dict>
		<key>7A991FBD1D5CD000001F85D5</key>
		<dict>
			<key>fileEncoding</key>
			<string>4</string>
			<key>isa</key>
			<string>PBXFileReference</string>
			<key>lastKnownFileType</key>
			<string>sourcecode.swift</string>
			<key>name</key>
			<string>UIViewController+ImagePicker.swift</string>
			<key>path</key>
			<string>Core/UIViewController+ImagePicker.swift</string>
			<key>sourceTree</key>
			<string>&lt;group&gt;</string>
		</dict>
		<key>7A991FBE1D5CD000001F85D5</key>
		<dict>
			<key>fileRef</key>
			<string>7A991FBD1D5CD000001F85D5</string>
			<key>isa</key>
			<string>PBXBuildFile</string>
		</dict>
		<key>7A991FBF1D5CE5F6001F85D5</key>
		<dict>
			<key>children</key>
			<array>
				<string>7AC2D4861D5D079500BC2E19</string>
				<string>7AC2D4801D5D074B00BC2E19</string>
				<string>7AC2D48E1D5D0D0C00BC2E19</string>
				<string>7AC2D48C1D5D0D0000BC2E19</string>
			</array>
			<key>isa</key>
			<string>PBXGroup</string>
			<key>name</key>
			<string>Sights</string>
			<key>sourceTree</key>
			<string>&lt;group&gt;</string>
		</dict>
		<key>7AC2D4801D5D074B00BC2E19</key>
		<dict>
			<key>fileEncoding</key>
			<string>4</string>
			<key>isa</key>
			<string>PBXFileReference</string>
			<key>lastKnownFileType</key>
			<string>sourcecode.swift</string>
			<key>name</key>
			<string>BirdsDateGroupCell.swift</string>
			<key>path</key>
			<string>Views/BirdsDateGroupCell.swift</string>
			<key>sourceTree</key>
			<string>&lt;group&gt;</string>
		</dict>
		<key>7AC2D4811D5D074B00BC2E19</key>
		<dict>
			<key>fileRef</key>
			<string>7AC2D4801D5D074B00BC2E19</string>
			<key>isa</key>
			<string>PBXBuildFile</string>
		</dict>
		<key>7AC2D4821D5D077B00BC2E19</key>
		<dict>
			<key>fileEncoding</key>
			<string>4</string>
			<key>isa</key>
			<string>PBXFileReference</string>
			<key>lastKnownFileType</key>
			<string>sourcecode.swift</string>
			<key>name</key>
			<string>BaseTableCell.swift</string>
			<key>path</key>
			<string>Views/BaseTableCell.swift</string>
			<key>sourceTree</key>
			<string>&lt;group&gt;</string>
		</dict>
		<key>7AC2D4831D5D077B00BC2E19</key>
		<dict>
			<key>fileEncoding</key>
			<string>4</string>
			<key>isa</key>
			<string>PBXFileReference</string>
			<key>lastKnownFileType</key>
			<string>sourcecode.swift</string>
			<key>name</key>
			<string>BaseTableCellObject.swift</string>
			<key>path</key>
			<string>Views/BaseTableCellObject.swift</string>
			<key>sourceTree</key>
			<string>&lt;group&gt;</string>
		</dict>
		<key>7AC2D4841D5D077B00BC2E19</key>
		<dict>
			<key>fileRef</key>
			<string>7AC2D4821D5D077B00BC2E19</string>
			<key>isa</key>
			<string>PBXBuildFile</string>
		</dict>
		<key>7AC2D4851D5D077B00BC2E19</key>
		<dict>
			<key>fileRef</key>
			<string>7AC2D4831D5D077B00BC2E19</string>
			<key>isa</key>
			<string>PBXBuildFile</string>
		</dict>
		<key>7AC2D4861D5D079500BC2E19</key>
		<dict>
			<key>fileEncoding</key>
			<string>4</string>
			<key>isa</key>
			<string>PBXFileReference</string>
			<key>lastKnownFileType</key>
			<string>file.xib</string>
			<key>name</key>
			<string>BirdsDateGroupCell.xib</string>
			<key>path</key>
			<string>Views/BirdsDateGroupCell.xib</string>
			<key>sourceTree</key>
			<string>&lt;group&gt;</string>
		</dict>
		<key>7AC2D4871D5D079500BC2E19</key>
		<dict>
			<key>fileRef</key>
			<string>7AC2D4861D5D079500BC2E19</string>
			<key>isa</key>
			<string>PBXBuildFile</string>
		</dict>
		<key>7AC2D4881D5D085500BC2E19</key>
		<dict>
			<key>fileEncoding</key>
			<string>4</string>
			<key>isa</key>
			<string>PBXFileReference</string>
			<key>lastKnownFileType</key>
			<string>sourcecode.swift</string>
			<key>name</key>
			<string>Constants.swift</string>
			<key>path</key>
			<string>Core/Constants.swift</string>
			<key>sourceTree</key>
			<string>&lt;group&gt;</string>
		</dict>
		<key>7AC2D4891D5D085500BC2E19</key>
		<dict>
			<key>fileRef</key>
			<string>7AC2D4881D5D085500BC2E19</string>
			<key>isa</key>
			<string>PBXBuildFile</string>
		</dict>
		<key>7AC2D48A1D5D0CA200BC2E19</key>
		<dict>
			<key>fileEncoding</key>
			<string>4</string>
			<key>isa</key>
			<string>PBXFileReference</string>
			<key>lastKnownFileType</key>
			<string>sourcecode.swift</string>
			<key>name</key>
			<string>BIrdsSubListViewController.swift</string>
			<key>path</key>
			<string>ViewControllers/Sights/BIrdsSubListViewController.swift</string>
			<key>sourceTree</key>
			<string>&lt;group&gt;</string>
		</dict>
		<key>7AC2D48B1D5D0CA200BC2E19</key>
		<dict>
			<key>fileRef</key>
			<string>7AC2D48A1D5D0CA200BC2E19</string>
			<key>isa</key>
			<string>PBXBuildFile</string>
		</dict>
		<key>7AC2D48C1D5D0D0000BC2E19</key>
		<dict>
			<key>fileEncoding</key>
			<string>4</string>
			<key>isa</key>
			<string>PBXFileReference</string>
			<key>lastKnownFileType</key>
			<string>sourcecode.swift</string>
			<key>name</key>
			<string>BirdCell.swift</string>
			<key>path</key>
			<string>Views/BirdCell.swift</string>
			<key>sourceTree</key>
			<string>&lt;group&gt;</string>
		</dict>
		<key>7AC2D48D1D5D0D0000BC2E19</key>
		<dict>
			<key>fileRef</key>
			<string>7AC2D48C1D5D0D0000BC2E19</string>
			<key>isa</key>
			<string>PBXBuildFile</string>
		</dict>
		<key>7AC2D48E1D5D0D0C00BC2E19</key>
		<dict>
			<key>fileEncoding</key>
			<string>4</string>
			<key>isa</key>
			<string>PBXFileReference</string>
			<key>lastKnownFileType</key>
			<string>file.xib</string>
			<key>name</key>
			<string>BirdCell.xib</string>
			<key>path</key>
			<string>Views/BirdCell.xib</string>
			<key>sourceTree</key>
			<string>&lt;group&gt;</string>
		</dict>
		<key>7AC2D48F1D5D0D0C00BC2E19</key>
		<dict>
			<key>fileRef</key>
			<string>7AC2D48E1D5D0D0C00BC2E19</string>
			<key>isa</key>
			<string>PBXBuildFile</string>
		</dict>
		<key>7AC2D4901D5D106D00BC2E19</key>
		<dict>
			<key>fileEncoding</key>
			<string>4</string>
			<key>isa</key>
			<string>PBXFileReference</string>
			<key>lastKnownFileType</key>
			<string>sourcecode.swift</string>
			<key>name</key>
			<string>ClassName.swift</string>
			<key>path</key>
			<string>Core/ClassName.swift</string>
			<key>sourceTree</key>
			<string>&lt;group&gt;</string>
		</dict>
		<key>7AC2D4911D5D106D00BC2E19</key>
		<dict>
			<key>fileRef</key>
			<string>7AC2D4901D5D106D00BC2E19</string>
			<key>isa</key>
			<string>PBXBuildFile</string>
		</dict>
		<key>7AC2D4921D5D205500BC2E19</key>
		<dict>
			<key>fileEncoding</key>
			<string>4</string>
			<key>isa</key>
			<string>PBXFileReference</string>
			<key>lastKnownFileType</key>
			<string>sourcecode.swift</string>
			<key>name</key>
			<string>UIView+cornerRadius.swift</string>
			<key>path</key>
			<string>Core/UIView+cornerRadius.swift</string>
			<key>sourceTree</key>
			<string>&lt;group&gt;</string>
		</dict>
		<key>7AC2D4931D5D205500BC2E19</key>
		<dict>
			<key>fileRef</key>
			<string>7AC2D4921D5D205500BC2E19</string>
			<key>isa</key>
			<string>PBXBuildFile</string>
		</dict>
		<key>7ACB374D1D56958100D1A45E</key>
		<dict>
			<key>isa</key>
			<string>PBXFileReference</string>
			<key>lastKnownFileType</key>
			<string>folder.assetcatalog</string>
			<key>path</key>
			<string>Assets.xcassets</string>
			<key>sourceTree</key>
			<string>&lt;group&gt;</string>
		</dict>
		<key>7ACB374E1D56958100D1A45E</key>
		<dict>
			<key>fileRef</key>
			<string>7ACB374D1D56958100D1A45E</string>
			<key>isa</key>
			<string>PBXBuildFile</string>
		</dict>
		<key>A40BBE4A0435FBF1972399DA</key>
		<dict>
			<key>children</key>
			<array>
				<string>FB055660E71562573F5987A2</string>
				<string>5F21E2176D13483A7589C16B</string>
			</array>
			<key>isa</key>
			<string>PBXGroup</string>
			<key>name</key>
			<string>Pods</string>
			<key>sourceTree</key>
			<string>&lt;group&gt;</string>
		</dict>
		<key>D6837B07066CA0577F764382</key>
		<dict>
			<key>buildActionMask</key>
			<string>2147483647</string>
			<key>files</key>
			<array/>
			<key>inputPaths</key>
			<array/>
			<key>isa</key>
			<string>PBXShellScriptBuildPhase</string>
			<key>name</key>
			<string>Check Pods Manifest.lock</string>
			<key>outputPaths</key>
			<array/>
			<key>runOnlyForDeploymentPostprocessing</key>
			<string>0</string>
			<key>shellPath</key>
			<string>/bin/sh</string>
			<key>shellScript</key>
			<string>diff "${PODS_ROOT}/../Podfile.lock" "${PODS_ROOT}/Manifest.lock" &gt; /dev/null
if [[ $? != 0 ]] ; then
    cat &lt;&lt; EOM
error: The sandbox is not in sync with the Podfile.lock. Run 'pod install' or update your CocoaPods installation.
EOM
    exit 1
fi
</string>
			<key>showEnvVarsInLog</key>
			<string>0</string>
		</dict>
		<key>E657E4EA94219105488137C8</key>
		<dict>
			<key>fileRef</key>
			<string>FCBF2A42BA8DC98BE96EFC34</string>
			<key>isa</key>
			<string>PBXBuildFile</string>
		</dict>
		<key>FB055660E71562573F5987A2</key>
		<dict>
			<key>includeInIndex</key>
			<string>1</string>
			<key>isa</key>
			<string>PBXFileReference</string>
			<key>lastKnownFileType</key>
			<string>text.xcconfig</string>
			<key>name</key>
			<string>Pods.debug.xcconfig</string>
			<key>path</key>
			<string>Pods/Target Support Files/Pods/Pods.debug.xcconfig</string>
			<key>sourceTree</key>
			<string>&lt;group&gt;</string>
		</dict>
		<key>FCBF2A42BA8DC98BE96EFC34</key>
		<dict>
			<key>explicitFileType</key>
			<string>wrapper.framework</string>
			<key>includeInIndex</key>
			<string>0</string>
			<key>isa</key>
			<string>PBXFileReference</string>
			<key>path</key>
			<string>Pods.framework</string>
			<key>sourceTree</key>
			<string>BUILT_PRODUCTS_DIR</string>
		</dict>
	</dict>
	<key>rootObject</key>
	<string>7A813F841D56708C0008F6CE</string>
</dict>
</plist>
